
Microsoft Visual Studio Solution File, Format Version 12.00
# Visual Studio Version 17
VisualStudioVersion = 17.14.37328.6
MinimumVisualStudioVersion = 10.0.40219.1
Project("{2150E333-8FDC-42A3-9474-1A3956D46DE8}") = "Solutions Item", "Solutions Item", "{02EA681E-C7D8-13C7-8484-4AC65E1B71E8}"
EndProject
Project("{2150E333-8FDC-42A3-9474-1A3956D46DE8}") = "src", "src", "{E774A1B7-FE38-4C36-8F0A-CBF5795A6F14}"
EndProject
Project("{2150E333-8FDC-42A3-9474-1A3956D46DE8}") = "tests", "tests", "{98DE98B5-D3BE-4124-864B-671954C863DE}"
EndProject
Project("{2150E333-8FDC-42A3-9474-1A3956D46DE8}") = "docker", "docker", "{DBD4010A-FFA3-4C75-8BAE-DBDC9971C6D8}"
EndProject
Project("{FAE04EC0-301F-11D3-BF4B-00C04F79EFBC}") = "Api", "src\Api\Api.csproj", "{B7395F41-26F3-4764-8B6E-2CE22F9CD413}"
EndProject
Project("{FAE04EC0-301F-11D3-BF4B-00C04F79EFBC}") = "Application", "src\Application\Application.csproj", "{72A16845-4CF5-4747-BE9C-38AFD4F84D4B}"
EndProject
Project("{FAE04EC0-301F-11D3-BF4B-00C04F79EFBC}") = "Infrastructure", "src\Infrastructure\Infrastructure.csproj", "{52F9A183-7E9B-45CC-B0D6-8CC90834BFCB}"
EndProject
Project("{FAE04EC0-301F-11D3-BF4B-00C04F79EFBC}") = "Domain", "src\Domain\Domain.csproj", "{3AF1C331-0F8E-404F-A301-5AFE94E3E6B8}"
EndProject
Project("{FAE04EC0-301F-11D3-BF4B-00C04F79EFBC}") = "Workers", "src\Workers\Workers.csproj", "{A63508DC-CF1F-4731-A044-3D74A758109D}"
EndProject
Project("{FAE04EC0-301F-11D3-BF4B-00C04F79EFBC}") = "Shared", "src\Shared\Shared.csproj", "{DBA8A14C-86CA-4F10-B6C7-6E14C95E4BDF}"
EndProject
Project("{FAE04EC0-301F-11D3-BF4B-00C04F79EFBC}") = "Domain.Tests", "tests\Domain.Tests\Domain.Tests.csproj", "{51C8EC0C-F22D-488D-B5E4-B080E2424C30}"
EndProject
Project("{FAE04EC0-301F-11D3-BF4B-00C04F79EFBC}") = "Application.Tests", "tests\Application.Tests\Application.Tests.csproj", "{283FF924-8683-4A12-9D4B-7A9A5141BAE3}"
EndProject
Project("{FAE04EC0-301F-11D3-BF4B-00C04F79EFBC}") = "Infrastructure.Tests", "tests\Infrastructure.Tests\Infrastructure.Tests.csproj", "{E7618B95-6F04-492B-83A9-DCFDAEAC21CC}"
EndProject
Project("{FAE04EC0-301F-11D3-BF4B-00C04F79EFBC}") = "Integration.Tests", "tests\Integration.Tests\Integration.Tests.csproj", "{6982918C-F0D5-48F9-B0A1-05A4E7557EB0}"
EndProject
Project("{FAE04EC0-301F-11D3-BF4B-00C04F79EFBC}") = "Workers.Tests", "tests\Workers.Tests\Workers.Tests.csproj", "{A37C4EC7-57CD-44E3-857B-4CC009295558}"
EndProject
Global
	GlobalSection(SolutionConfigurationPlatforms) = preSolution
		Debug|Any CPU = Debug|Any CPU
		Debug|x64 = Debug|x64
		Debug|x86 = Debug|x86
		Release|Any CPU = Release|Any CPU
		Release|x64 = Release|x64
		Release|x86 = Release|x86
	EndGlobalSection
	GlobalSection(ProjectConfigurationPlatforms) = postSolution
		{B7395F41-26F3-4764-8B6E-2CE22F9CD413}.Debug|Any CPU.ActiveCfg = Debug|Any CPU
		{B7395F41-26F3-4764-8B6E-2CE22F9CD413}.Debug|Any CPU.Build.0 = Debug|Any CPU
		{B7395F41-26F3-4764-8B6E-2CE22F9CD413}.Debug|x64.ActiveCfg = Debug|Any CPU
		{B7395F41-26F3-4764-8B6E-2CE22F9CD413}.Debug|x64.Build.0 = Debug|Any CPU
		{B7395F41-26F3-4764-8B6E-2CE22F9CD413}.Debug|x86.ActiveCfg = Debug|Any CPU
		{B7395F41-26F3-4764-8B6E-2CE22F9CD413}.Debug|x86.Build.0 = Debug|Any CPU
		{B7395F41-26F3-4764-8B6E-2CE22F9CD413}.Release|Any CPU.ActiveCfg = Release|Any CPU
		{B7395F41-26F3-4764-8B6E-2CE22F9CD413}.Release|Any CPU.Build.0 = Release|Any CPU
		{B7395F41-26F3-4764-8B6E-2CE22F9CD413}.Release|x64.ActiveCfg = Release|Any CPU
		{B7395F41-26F3-4764-8B6E-2CE22F9CD413}.Release|x64.Build.0 = Release|Any CPU
		{B7395F41-26F3-4764-8B6E-2CE22F9CD413}.Release|x86.ActiveCfg = Release|Any CPU
		{B7395F41-26F3-4764-8B6E-2CE22F9CD413}.Release|x86.Build.0 = Release|Any CPU
		{72A16845-4CF5-4747-BE9C-38AFD4F84D4B}.Debug|Any CPU.ActiveCfg = Debug|Any CPU
		{72A16845-4CF5-4747-BE9C-38AFD4F84D4B}.Debug|Any CPU.Build.0 = Debug|Any CPU
		{72A16845-4CF5-4747-BE9C-38AFD4F84D4B}.Debug|x64.ActiveCfg = Debug|Any CPU
		{72A16845-4CF5-4747-BE9C-38AFD4F84D4B}.Debug|x64.Build.0 = Debug|Any CPU
		{72A16845-4CF5-4747-BE9C-38AFD4F84D4B}.Debug|x86.ActiveCfg = Debug|Any CPU
		{72A16845-4CF5-4747-BE9C-38AFD4F84D4B}.Debug|x86.Build.0 = Debug|Any CPU
		{72A16845-4CF5-4747-BE9C-38AFD4F84D4B}.Release|Any CPU.ActiveCfg = Release|Any CPU
		{72A16845-4CF5-4747-BE9C-38AFD4F84D4B}.Release|Any CPU.Build.0 = Release|Any CPU
		{72A16845-4CF5-4747-BE9C-38AFD4F84D4B}.Release|x64.ActiveCfg = Release|Any CPU
		{72A16845-4CF5-4747-BE9C-38AFD4F84D4B}.Release|x64.Build.0 = Release|Any CPU
		{72A16845-4CF5-4747-BE9C-38AFD4F84D4B}.Release|x86.ActiveCfg = Release|Any CPU
		{72A16845-4CF5-4747-BE9C-38AFD4F84D4B}.Release|x86.Build.0 = Release|Any CPU
		{52F9A183-7E9B-45CC-B0D6-8CC90834BFCB}.Debug|Any CPU.ActiveCfg = Debug|Any CPU
		{52F9A183-7E9B-45CC-B0D6-8CC90834BFCB}.Debug|Any CPU.Build.0 = Debug|Any CPU
		{52F9A183-7E9B-45CC-B0D6-8CC90834BFCB}.Debug|x64.ActiveCfg = Debug|Any CPU
		{52F9A183-7E9B-45CC-B0D6-8CC90834BFCB}.Debug|x64.Build.0 = Debug|Any CPU
		{52F9A183-7E9B-45CC-B0D6-8CC90834BFCB}.Debug|x86.ActiveCfg = Debug|Any CPU
		{52F9A183-7E9B-45CC-B0D6-8CC90834BFCB}.Debug|x86.Build.0 = Debug|Any CPU
		{52F9A183-7E9B-45CC-B0D6-8CC90834BFCB}.Release|Any CPU.ActiveCfg = Release|Any CPU
		{52F9A183-7E9B-45CC-B0D6-8CC90834BFCB}.Release|Any CPU.Build.0 = Release|Any CPU
		{52F9A183-7E9B-45CC-B0D6-8CC90834BFCB}.Release|x64.ActiveCfg = Release|Any CPU
		{52F9A183-7E9B-45CC-B0D6-8CC90834BFCB}.Release|x64.Build.0 = Release|Any CPU
		{52F9A183-7E9B-45CC-B0D6-8CC90834BFCB}.Release|x86.ActiveCfg = Release|Any CPU
		{52F9A183-7E9B-45CC-B0D6-8CC90834BFCB}.Release|x86.Build.0 = Release|Any CPU
		{3AF1C331-0F8E-404F-A301-5AFE94E3E6B8}.Debug|Any CPU.ActiveCfg = Debug|Any CPU
		{3AF1C331-0F8E-404F-A301-5AFE94E3E6B8}.Debug|Any CPU.Build.0 = Debug|Any CPU
		{3AF1C331-0F8E-404F-A301-5AFE94E3E6B8}.Debug|x64.ActiveCfg = Debug|Any CPU
		{3AF1C331-0F8E-404F-A301-5AFE94E3E6B8}.Debug|x64.Build.0 = Debug|Any CPU
		{3AF1C331-0F8E-404F-A301-5AFE94E3E6B8}.Debug|x86.ActiveCfg = Debug|Any CPU
		{3AF1C331-0F8E-404F-A301-5AFE94E3E6B8}.Debug|x86.Build.0 = Debug|Any CPU
		{3AF1C331-0F8E-404F-A301-5AFE94E3E6B8}.Release|Any CPU.ActiveCfg = Release|Any CPU
		{3AF1C331-0F8E-404F-A301-5AFE94E3E6B8}.Release|Any CPU.Build.0 = Release|Any CPU
		{3AF1C331-0F8E-404F-A301-5AFE94E3E6B8}.Release|x64.ActiveCfg = Release|Any CPU
		{3AF1C331-0F8E-404F-A301-5AFE94E3E6B8}.Release|x64.Build.0 = Release|Any CPU
		{3AF1C331-0F8E-404F-A301-5AFE94E3E6B8}.Release|x86.ActiveCfg = Release|Any CPU
		{3AF1C331-0F8E-404F-A301-5AFE94E3E6B8}.Release|x86.Build.0 = Release|Any CPU
		{A63508DC-CF1F-4731-A044-3D74A758109D}.Debug|Any CPU.ActiveCfg = Debug|Any CPU
		{A63508DC-CF1F-4731-A044-3D74A758109D}.Debug|Any CPU.Build.0 = Debug|Any CPU
		{A63508DC-CF1F-4731-A044-3D74A758109D}.Debug|x64.ActiveCfg = Debug|Any CPU
		{A63508DC-CF1F-4731-A044-3D74A758109D}.Debug|x64.Build.0 = Debug|Any CPU
		{A63508DC-CF1F-4731-A044-3D74A758109D}.Debug|x86.ActiveCfg = Debug|Any CPU
		{A63508DC-CF1F-4731-A044-3D74A758109D}.Debug|x86.Build.0 = Debug|Any CPU
		{A63508DC-CF1F-4731-A044-3D74A758109D}.Release|Any CPU.ActiveCfg = Release|Any CPU
		{A63508DC-CF1F-4731-A044-3D74A758109D}.Release|Any CPU.Build.0 = Release|Any CPU
		{A63508DC-CF1F-4731-A044-3D74A758109D}.Release|x64.ActiveCfg = Release|Any CPU
		{A63508DC-CF1F-4731-A044-3D74A758109D}.Release|x64.Build.0 = Release|Any CPU
		{A63508DC-CF1F-4731-A044-3D74A758109D}.Release|x86.ActiveCfg = Release|Any CPU
		{A63508DC-CF1F-4731-A044-3D74A758109D}.Release|x86.Build.0 = Release|Any CPU
		{DBA8A14C-86CA-4F10-B6C7-6E14C95E4BDF}.Debug|Any CPU.ActiveCfg = Debug|Any CPU
		{DBA8A14C-86CA-4F10-B6C7-6E14C95E4BDF}.Debug|Any CPU.Build.0 = Debug|Any CPU
		{DBA8A14C-86CA-4F10-B6C7-6E14C95E4BDF}.Debug|x64.ActiveCfg = Debug|Any CPU
		{DBA8A14C-86CA-4F10-B6C7-6E14C95E4BDF}.Debug|x64.Build.0 = Debug|Any CPU
		{DBA8A14C-86CA-4F10-B6C7-6E14C95E4BDF}.Debug|x86.ActiveCfg = Debug|Any CPU
		{DBA8A14C-86CA-4F10-B6C7-6E14C95E4BDF}.Debug|x86.Build.0 = Debug|Any CPU
		{DBA8A14C-86CA-4F10-B6C7-6E14C95E4BDF}.Release|Any CPU.ActiveCfg = Release|Any CPU
		{DBA8A14C-86CA-4F10-B6C7-6E14C95E4BDF}.Release|Any CPU.Build.0 = Release|Any CPU
		{DBA8A14C-86CA-4F10-B6C7-6E14C95E4BDF}.Release|x64.ActiveCfg = Release|Any CPU
		{DBA8A14C-86CA-4F10-B6C7-6E14C95E4BDF}.Release|x64.Build.0 = Release|Any CPU
		{DBA8A14C-86CA-4F10-B6C7-6E14C95E4BDF}.Release|x86.ActiveCfg = Release|Any CPU
		{DBA8A14C-86CA-4F10-B6C7-6E14C95E4BDF}.Release|x86.Build.0 = Release|Any CPU
		{51C8EC0C-F22D-488D-B5E4-B080E2424C30}.Debug|Any CPU.ActiveCfg = Debug|Any CPU
		{51C8EC0C-F22D-488D-B5E4-B080E2424C30}.Debug|Any CPU.Build.0 = Debug|Any CPU
		{51C8EC0C-F22D-488D-B5E4-B080E2424C30}.Debug|x64.ActiveCfg = Debug|Any CPU
		{51C8EC0C-F22D-488D-B5E4-B080E2424C30}.Debug|x64.Build.0 = Debug|Any CPU
		{51C8EC0C-F22D-488D-B5E4-B080E2424C30}.Debug|x86.ActiveCfg = Debug|Any CPU
		{51C8EC0C-F22D-488D-B5E4-B080E2424C30}.Debug|x86.Build.0 = Debug|Any CPU
		{51C8EC0C-F22D-488D-B5E4-B080E2424C30}.Release|Any CPU.ActiveCfg = Release|Any CPU
		{51C8EC0C-F22D-488D-B5E4-B080E2424C30}.Release|Any CPU.Build.0 = Release|Any CPU
		{51C8EC0C-F22D-488D-B5E4-B080E2424C30}.Release|x64.ActiveCfg = Release|Any CPU
		{51C8EC0C-F22D-488D-B5E4-B080E2424C30}.Release|x64.Build.0 = Release|Any CPU
		{51C8EC0C-F22D-488D-B5E4-B080E2424C30}.Release|x86.ActiveCfg = Release|Any CPU
		{51C8EC0C-F22D-488D-B5E4-B080E2424C30}.Release|x86.Build.0 = Release|Any CPU
		{283FF924-8683-4A12-9D4B-7A9A5141BAE3}.Debug|Any CPU.ActiveCfg = Debug|Any CPU
		{283FF924-8683-4A12-9D4B-7A9A5141BAE3}.Debug|Any CPU.Build.0 = Debug|Any CPU
		{283FF924-8683-4A12-9D4B-7A9A5141BAE3}.Debug|x64.ActiveCfg = Debug|Any CPU
		{283FF924-8683-4A12-9D4B-7A9A5141BAE3}.Debug|x64.Build.0 = Debug|Any CPU
		{283FF924-8683-4A12-9D4B-7A9A5141BAE3}.Debug|x86.ActiveCfg = Debug|Any CPU
		{283FF924-8683-4A12-9D4B-7A9A5141BAE3}.Debug|x86.Build.0 = Debug|Any CPU
		{283FF924-8683-4A12-9D4B-7A9A5141BAE3}.Release|Any CPU.ActiveCfg = Release|Any CPU
		{283FF924-8683-4A12-9D4B-7A9A5141BAE3}.Release|Any CPU.Build.0 = Release|Any CPU
		{283FF924-8683-4A12-9D4B-7A9A5141BAE3}.Release|x64.ActiveCfg = Release|Any CPU
		{283FF924-8683-4A12-9D4B-7A9A5141BAE3}.Release|x64.Build.0 = Release|Any CPU
		{283FF924-8683-4A12-9D4B-7A9A5141BAE3}.Release|x86.ActiveCfg = Release|Any CPU
		{283FF924-8683-4A12-9D4B-7A9A5141BAE3}.Release|x86.Build.0 = Release|Any CPU
		{E7618B95-6F04-492B-83A9-DCFDAEAC21CC}.Debug|Any CPU.ActiveCfg = Debug|Any CPU
		{E7618B95-6F04-492B-83A9-DCFDAEAC21CC}.Debug|Any CPU.Build.0 = Debug|Any CPU
		{E7618B95-6F04-492B-83A9-DCFDAEAC21CC}.Debug|x64.ActiveCfg = Debug|Any CPU
		{E7618B95-6F04-492B-83A9-DCFDAEAC21CC}.Debug|x64.Build.0 = Debug|Any CPU
		{E7618B95-6F04-492B-83A9-DCFDAEAC21CC}.Debug|x86.ActiveCfg = Debug|Any CPU
		{E7618B95-6F04-492B-83A9-DCFDAEAC21CC}.Debug|x86.Build.0 = Debug|Any CPU
		{E7618B95-6F04-492B-83A9-DCFDAEAC21CC}.Release|Any CPU.ActiveCfg = Release|Any CPU
		{E7618B95-6F04-492B-83A9-DCFDAEAC21CC}.Release|Any CPU.Build.0 = Release|Any CPU
		{E7618B95-6F04-492B-83A9-DCFDAEAC21CC}.Release|x64.ActiveCfg = Release|Any CPU
		{E7618B95-6F04-492B-83A9-DCFDAEAC21CC}.Release|x64.Build.0 = Release|Any CPU
		{E7618B95-6F04-492B-83A9-DCFDAEAC21CC}.Release|x86.ActiveCfg = Release|Any CPU
		{E7618B95-6F04-492B-83A9-DCFDAEAC21CC}.Release|x86.Build.0 = Release|Any CPU
		{6982918C-F0D5-48F9-B0A1-05A4E7557EB0}.Debug|Any CPU.ActiveCfg = Debug|Any CPU
		{6982918C-F0D5-48F9-B0A1-05A4E7557EB0}.Debug|Any CPU.Build.0 = Debug|Any CPU
		{6982918C-F0D5-48F9-B0A1-05A4E7557EB0}.Debug|x64.ActiveCfg = Debug|Any CPU
		{6982918C-F0D5-48F9-B0A1-05A4E7557EB0}.Debug|x64.Build.0 = Debug|Any CPU
		{6982918C-F0D5-48F9-B0A1-05A4E7557EB0}.Debug|x86.ActiveCfg = Debug|Any CPU
		{6982918C-F0D5-48F9-B0A1-05A4E7557EB0}.Debug|x86.Build.0 = Debug|Any CPU
		{6982918C-F0D5-48F9-B0A1-05A4E7557EB0}.Release|Any CPU.ActiveCfg = Release|Any CPU
		{6982918C-F0D5-48F9-B0A1-05A4E7557EB0}.Release|Any CPU.Build.0 = Release|Any CPU
		{6982918C-F0D5-48F9-B0A1-05A4E7557EB0}.Release|x64.ActiveCfg = Release|Any CPU
		{6982918C-F0D5-48F9-B0A1-05A4E7557EB0}.Release|x64.Build.0 = Release|Any CPU
		{6982918C-F0D5-48F9-B0A1-05A4E7557EB0}.Release|x86.ActiveCfg = Release|Any CPU
		{6982918C-F0D5-48F9-B0A1-05A4E7557EB0}.Release|x86.Build.0 = Release|Any CPU
		{A37C4EC7-57CD-44E3-857B-4CC009295558}.Debug|Any CPU.ActiveCfg = Debug|Any CPU
		{A37C4EC7-57CD-44E3-857B-4CC009295558}.Debug|Any CPU.Build.0 = Debug|Any CPU
		{A37C4EC7-57CD-44E3-857B-4CC009295558}.Debug|x64.ActiveCfg = Debug|Any CPU
		{A37C4EC7-57CD-44E3-857B-4CC009295558}.Debug|x64.Build.0 = Debug|Any CPU
		{A37C4EC7-57CD-44E3-857B-4CC009295558}.Debug|x86.ActiveCfg = Debug|Any CPU
		{A37C4EC7-57CD-44E3-857B-4CC009295558}.Debug|x86.Build.0 = Debug|Any CPU
		{A37C4EC7-57CD-44E3-857B-4CC009295558}.Release|Any CPU.ActiveCfg = Release|Any CPU
		{A37C4EC7-57CD-44E3-857B-4CC009295558}.Release|Any CPU.Build.0 = Release|Any CPU
		{A37C4EC7-57CD-44E3-857B-4CC009295558}.Release|x64.ActiveCfg = Release|Any CPU
		{A37C4EC7-57CD-44E3-857B-4CC009295558}.Release|x64.Build.0 = Release|Any CPU
		{A37C4EC7-57CD-44E3-857B-4CC009295558}.Release|x86.ActiveCfg = Release|Any CPU
		{A37C4EC7-57CD-44E3-857B-4CC009295558}.Release|x86.Build.0 = Release|Any CPU
	EndGlobalSection
	GlobalSection(SolutionProperties) = preSolution
		HideSolutionNode = FALSE
	EndGlobalSection
	GlobalSection(NestedProjects) = preSolution
		{B7395F41-26F3-4764-8B6E-2CE22F9CD413} = {E774A1B7-FE38-4C36-8F0A-CBF5795A6F14}
		{72A16845-4CF5-4747-BE9C-38AFD4F84D4B} = {E774A1B7-FE38-4C36-8F0A-CBF5795A6F14}
		{52F9A183-7E9B-45CC-B0D6-8CC90834BFCB} = {E774A1B7-FE38-4C36-8F0A-CBF5795A6F14}
		{3AF1C331-0F8E-404F-A301-5AFE94E3E6B8} = {E774A1B7-FE38-4C36-8F0A-CBF5795A6F14}
		{A63508DC-CF1F-4731-A044-3D74A758109D} = {E774A1B7-FE38-4C36-8F0A-CBF5795A6F14}
		{DBA8A14C-86CA-4F10-B6C7-6E14C95E4BDF} = {E774A1B7-FE38-4C36-8F0A-CBF5795A6F14}
		{51C8EC0C-F22D-488D-B5E4-B080E2424C30} = {98DE98B5-D3BE-4124-864B-671954C863DE}
		{283FF924-8683-4A12-9D4B-7A9A5141BAE3} = {98DE98B5-D3BE-4124-864B-671954C863DE}
		{E7618B95-6F04-492B-83A9-DCFDAEAC21CC} = {98DE98B5-D3BE-4124-864B-671954C863DE}
		{6982918C-F0D5-48F9-B0A1-05A4E7557EB0} = {98DE98B5-D3BE-4124-864B-671954C863DE}
		{A37C4EC7-57CD-44E3-857B-4CC009295558} = {98DE98B5-D3BE-4124-864B-671954C863DE}
	EndGlobalSection
	GlobalSection(ExtensibilityGlobals) = postSolution
		SolutionGuid = {2467D442-3BDD-4CBD-AECC-35F02790E183}
	EndGlobalSection
EndGlobal
